
Microsoft Visual Studio Solution File, Format Version 12.00
# Visual Studio Version 17
VisualStudioVersion = 17.0.31903.59
MinimumVisualStudioVersion = 10.0.40219.1
Project("{FAE04EC0-301F-11D3-BF4B-00C04F79EFBC}") = "ApiCatalogo", "ApiCatalogo\ApiCatalogo.csproj", "{AF762006-8552-408C-8FB6-7F0E30E96789}"
EndProject
Project("{FAE04EC0-301F-11D3-BF4B-00C04F79EFBC}") = "ApiCatalogo.test", "ApiCatalogo.test\ApiCatalogo.test.csproj", "{49B1AC52-A6A8-4A40-9A80-2F83AA149175}"
EndProject
Global
	GlobalSection(SolutionConfigurationPlatforms) = preSolution
		Debug|Any CPU = Debug|Any CPU
		Debug|x64 = Debug|x64
		Debug|x86 = Debug|x86
		Release|Any CPU = Release|Any CPU
		Release|x64 = Release|x64
		Release|x86 = Release|x86
	EndGlobalSection
	GlobalSection(ProjectConfigurationPlatforms) = postSolution
		{AF762006-8552-408C-8FB6-7F0E30E96789}.Debug|Any CPU.ActiveCfg = Debug|Any CPU
		{AF762006-8552-408C-8FB6-7F0E30E96789}.Debug|Any CPU.Build.0 = Debug|Any CPU
		{AF762006-8552-408C-8FB6-7F0E30E96789}.Debug|x64.ActiveCfg = Debug|Any CPU
		{AF762006-8552-408C-8FB6-7F0E30E96789}.Debug|x64.Build.0 = Debug|Any CPU
		{AF762006-8552-408C-8FB6-7F0E30E96789}.Debug|x86.ActiveCfg = Debug|Any CPU
		{AF762006-8552-408C-8FB6-7F0E30E96789}.Debug|x86.Build.0 = Debug|Any CPU
		{AF762006-8552-408C-8FB6-7F0E30E96789}.Release|Any CPU.ActiveCfg = Release|Any CPU
		{AF762006-8552-408C-8FB6-7F0E30E96789}.Release|Any CPU.Build.0 = Release|Any CPU
		{AF762006-8552-408C-8FB6-7F0E30E96789}.Release|x64.ActiveCfg = Release|Any CPU
		{AF762006-8552-408C-8FB6-7F0E30E96789}.Release|x64.Build.0 = Release|Any CPU
		{AF762006-8552-408C-8FB6-7F0E30E96789}.Release|x86.ActiveCfg = Release|Any CPU
		{AF762006-8552-408C-8FB6-7F0E30E96789}.Release|x86.Build.0 = Release|Any CPU
		{49B1AC52-A6A8-4A40-9A80-2F83AA149175}.Debug|Any CPU.ActiveCfg = Debug|Any CPU
		{49B1AC52-A6A8-4A40-9A80-2F83AA149175}.Debug|Any CPU.Build.0 = Debug|Any CPU
		{49B1AC52-A6A8-4A40-9A80-2F83AA149175}.Debug|x64.ActiveCfg = Debug|Any CPU
		{49B1AC52-A6A8-4A40-9A80-2F83AA149175}.Debug|x64.Build.0 = Debug|Any CPU
		{49B1AC52-A6A8-4A40-9A80-2F83AA149175}.Debug|x86.ActiveCfg = Debug|Any CPU
		{49B1AC52-A6A8-4A40-9A80-2F83AA149175}.Debug|x86.Build.0 = Debug|Any CPU
		{49B1AC52-A6A8-4A40-9A80-2F83AA149175}.Release|Any CPU.ActiveCfg = Release|Any CPU
		{49B1AC52-A6A8-4A40-9A80-2F83AA149175}.Release|Any CPU.Build.0 = Release|Any CPU
		{49B1AC52-A6A8-4A40-9A80-2F83AA149175}.Release|x64.ActiveCfg = Release|Any CPU
		{49B1AC52-A6A8-4A40-9A80-2F83AA149175}.Release|x64.Build.0 = Release|Any CPU
		{49B1AC52-A6A8-4A40-9A80-2F83AA149175}.Release|x86.ActiveCfg = Release|Any CPU
		{49B1AC52-A6A8-4A40-9A80-2F83AA149175}.Release|x86.Build.0 = Release|Any CPU
	EndGlobalSection
	GlobalSection(SolutionProperties) = preSolution
		HideSolutionNode = FALSE
	EndGlobalSection
EndGlobal
